// !$*UTF8*$!
{
	archiveVersion = 1;
	classes = {
	};
	objectVersion = 46;
	objects = {

/* Begin PBXBuildFile section */
		89F6C9141E0A67BC00C01421 /* AppDelegate.swift in Sources */ = {isa = PBXBuildFile; fileRef = 89F6C9131E0A67BC00C01421 /* AppDelegate.swift */; };
		89F6C9161E0A67BC00C01421 /* MainVC.swift in Sources */ = {isa = PBXBuildFile; fileRef = 89F6C9151E0A67BC00C01421 /* MainVC.swift */; };
		89F6C9191E0A67BC00C01421 /* Main.storyboard in Resources */ = {isa = PBXBuildFile; fileRef = 89F6C9171E0A67BC00C01421 /* Main.storyboard */; };
		89F6C91B1E0A67BC00C01421 /* Assets.xcassets in Resources */ = {isa = PBXBuildFile; fileRef = 89F6C91A1E0A67BC00C01421 /* Assets.xcassets */; };
		89F6C91E1E0A67BC00C01421 /* LaunchScreen.storyboard in Resources */ = {isa = PBXBuildFile; fileRef = 89F6C91C1E0A67BC00C01421 /* LaunchScreen.storyboard */; };
		89F6C9261E0A68A800C01421 /* MusicListVC.swift in Sources */ = {isa = PBXBuildFile; fileRef = 89F6C9251E0A68A800C01421 /* MusicListVC.swift */; };
		89F6C9281E0A68BA00C01421 /* PlaySongVC.swift in Sources */ = {isa = PBXBuildFile; fileRef = 89F6C9271E0A68BA00C01421 /* PlaySongVC.swift */; };
/* End PBXBuildFile section */

/* Begin PBXFileReference section */
		89F6C9101E0A67BC00C01421 /* workingwithsegues.app */ = {isa = PBXFileReference; explicitFileType = wrapper.application; includeInIndex = 0; path = workingwithsegues.app; sourceTree = BUILT_PRODUCTS_DIR; };
		89F6C9131E0A67BC00C01421 /* AppDelegate.swift */ = {isa = PBXFileReference; lastKnownFileType = sourcecode.swift; path = AppDelegate.swift; sourceTree = "<group>"; };
		89F6C9151E0A67BC00C01421 /* MainVC.swift */ = {isa = PBXFileReference; lastKnownFileType = sourcecode.swift; path = MainVC.swift; sourceTree = "<group>"; };
		89F6C9181E0A67BC00C01421 /* Base */ = {isa = PBXFileReference; lastKnownFileType = file.storyboard; name = Base; path = Base.lproj/Main.storyboard; sourceTree = "<group>"; };
		89F6C91A1E0A67BC00C01421 /* Assets.xcassets */ = {isa = PBXFileReference; lastKnownFileType = folder.assetcatalog; path = Assets.xcassets; sourceTree = "<group>"; };
		89F6C91D1E0A67BC00C01421 /* Base */ = {isa = PBXFileReference; lastKnownFileType = file.storyboard; name = Base; path = Base.lproj/LaunchScreen.storyboard; sourceTree = "<group>"; };
		89F6C91F1E0A67BC00C01421 /* Info.plist */ = {isa = PBXFileReference; lastKnownFileType = text.plist.xml; path = Info.plist; sourceTree = "<group>"; };
		89F6C9251E0A68A800C01421 /* MusicListVC.swift */ = {isa = PBXFileReference; fileEncoding = 4; lastKnownFileType = sourcecode.swift; path = MusicListVC.swift; sourceTree = "<group>"; };
		89F6C9271E0A68BA00C01421 /* PlaySongVC.swift */ = {isa = PBXFileReference; fileEncoding = 4; lastKnownFileType = sourcecode.swift; path = PlaySongVC.swift; sourceTree = "<group>"; };
/* End PBXFileReference section */

/* Begin PBXFrameworksBuildPhase section */
		89F6C90D1E0A67BB00C01421 /* Frameworks */ = {
			isa = PBXFrameworksBuildPhase;
			buildActionMask = 2147483647;
			files = (
			);
			runOnlyForDeploymentPostprocessing = 0;
		};
/* End PBXFrameworksBuildPhase section */

/* Begin PBXGroup section */
		89F6C9071E0A67BB00C01421 = {
			isa = PBXGroup;
			children = (
				89F6C9121E0A67BC00C01421 /* workingwithsegues */,
				89F6C9111E0A67BC00C01421 /* Products */,
			);
			sourceTree = "<group>";
		};
		89F6C9111E0A67BC00C01421 /* Products */ = {
			isa = PBXGroup;
			children = (
				89F6C9101E0A67BC00C01421 /* workingwithsegues.app */,
			);
			name = Products;
			sourceTree = "<group>";
		};
		89F6C9121E0A67BC00C01421 /* workingwithsegues */ = {
			isa = PBXGroup;
			children = (
				89F6C9131E0A67BC00C01421 /* AppDelegate.swift */,
				89F6C9151E0A67BC00C01421 /* MainVC.swift */,
				89F6C9251E0A68A800C01421 /* MusicListVC.swift */,
				89F6C9271E0A68BA00C01421 /* PlaySongVC.swift */,
				89F6C9171E0A67BC00C01421 /* Main.storyboard */,
				89F6C91A1E0A67BC00C01421 /* Assets.xcassets */,
				89F6C91C1E0A67BC00C01421 /* LaunchScreen.storyboard */,
				89F6C91F1E0A67BC00C01421 /* Info.plist */,
			);
			path = workingwithsegues;
			sourceTree = "<group>";
		};
/* End PBXGroup section */

/* Begin PBXNativeTarget section */
		89F6C90F1E0A67BB00C01421 /* workingwithsegues */ = {
			isa = PBXNativeTarget;
			buildConfigurationList = 89F6C9221E0A67BC00C01421 /* Build configuration list for PBXNativeTarget "workingwithsegues" */;
			buildPhases = (
				89F6C90C1E0A67BB00C01421 /* Sources */,
				89F6C90D1E0A67BB00C01421 /* Frameworks */,
				89F6C90E1E0A67BB00C01421 /* Resources */,
			);
			buildRules = (
			);
			dependencies = (
			);
			name = workingwithsegues;
			productName = workingwithsegues;
			productReference = 89F6C9101E0A67BC00C01421 /* workingwithsegues.app */;
			productType = "com.apple.product-type.application";
		};
/* End PBXNativeTarget section */

/* Begin PBXProject section */
		89F6C9081E0A67BB00C01421 /* Project object */ = {
			isa = PBXProject;
			attributes = {
				LastSwiftUpdateCheck = 0810;
				LastUpgradeCheck = 0810;
				ORGANIZATIONNAME = "AKIL KUMAR THOTA";
				TargetAttributes = {
					89F6C90F1E0A67BB00C01421 = {
						CreatedOnToolsVersion = 8.1;
						ProvisioningStyle = Automatic;
					};
				};
			};
			buildConfigurationList = 89F6C90B1E0A67BB00C01421 /* Build configuration list for PBXProject "workingwithsegues" */;
			compatibilityVersion = "Xcode 3.2";
			developmentRegion = English;
			hasScannedForEncodings = 0;
			knownRegions = (
				en,
				Base,
			);
			mainGroup = 89F6C9071E0A67BB00C01421;
			productRefGroup = 89F6C9111E0A67BC00C01421 /* Products */;
			projectDirPath = "";
			projectRoot = "";
			targets = (
				89F6C90F1E0A67BB00C01421 /* workingwithsegues */,
			);
		};
/* End PBXProject section */

/* Begin PBXResourcesBuildPhase section */
		89F6C90E1E0A67BB00C01421 /* Resources */ = {
			isa = PBXResourcesBuildPhase;
			buildActionMask = 2147483647;
			files = (
				89F6C91E1E0A67BC00C01421 /* LaunchScreen.storyboard in Resources */,
				89F6C91B1E0A67BC00C01421 /* Assets.xcassets in Resources */,
				89F6C9191E0A67BC00C01421 /* Main.storyboard in Resources */,
			);
			runOnlyForDeploymentPostprocessing = 0;
		};
/* End PBXResourcesBuildPhase section */

/* Begin PBXSourcesBuildPhase section */
		89F6C90C1E0A67BB00C01421 /* Sources */ = {
			isa = PBXSourcesBuildPhase;
			buildActionMask = 2147483647;
			files = (
				89F6C9261E0A68A800C01421 /* MusicListVC.swift in Sources */,
				89F6C9281E0A68BA00C01421 /* PlaySongVC.swift in Sources */,
				89F6C9161E0A67BC00C01421 /* MainVC.swift in Sources */,
				89F6C9141E0A67BC00C01421 /* AppDelegate.swift in Sources */,
			);
			runOnlyForDeploymentPostprocessing = 0;
		};
/* End PBXSourcesBuildPhase section */

/* Begin PBXVariantGroup section */
		89F6C9171E0A67BC00C01421 /* Main.storyboard */ = {
			isa = PBXVariantGroup;
			children = (
				89F6C9181E0A67BC00C01421 /* Base */,
			);
			name = Main.storyboard;
			sourceTree = "<group>";
		};
		89F6C91C1E0A67BC00C01421 /* LaunchScreen.storyboard */ = {
			isa = PBXVariantGroup;
			children = (
				89F6C91D1E0A67BC00C01421 /* Base */,
			);
			name = LaunchScreen.storyboard;
			sourceTree = "<group>";
		};
/* End PBXVariantGroup section */

/* Begin XCBuildConfiguration section */
		89F6C9201E0A67BC00C01421 /* Debug */ = {
			isa = XCBuildConfiguration;
			buildSettings = {
				ALWAYS_SEARCH_USER_PATHS = NO;
				CLANG_ANALYZER_NONNULL = YES;
				CLANG_CXX_LANGUAGE_STANDARD = "gnu++0x";
				CLANG_CXX_LIBRARY = "libc++";
				CLANG_ENABLE_MODULES = YES;
				CLANG_ENABLE_OBJC_ARC = YES;
				CLANG_WARN_BOOL_CONVERSION = YES;
				CLANG_WARN_CONSTANT_CONVERSION = YES;
				CLANG_WARN_DIRECT_OBJC_ISA_USAGE = YES_ERROR;
				CLANG_WARN_DOCUMENTATION_COMMENTS = YES;
				CLANG_WARN_EMPTY_BODY = YES;
				CLANG_WARN_ENUM_CONVERSION = YES;
				CLANG_WARN_INFINITE_RECURSION = YES;
				CLANG_WARN_INT_CONVERSION = YES;
				CLANG_WARN_OBJC_ROOT_CLASS = YES_ERROR;
				CLANG_WARN_SUSPICIOUS_MOVES = YES;
				CLANG_WARN_UNREACHABLE_CODE = YES;
				CLANG_WARN__DUPLICATE_METHOD_MATCH = YES;
				"CODE_SIGN_IDENTITY[sdk=iphoneos*]" = "iPhone Developer";
				COPY_PHASE_STRIP = NO;
				DEBUG_INFORMATION_FORMAT = dwarf;
				ENABLE_STRICT_OBJC_MSGSEND = YES;
				ENABLE_TESTABILITY = YES;
				GCC_C_LANGUAGE_STANDARD = gnu99;
				GCC_DYNAMIC_NO_PIC = NO;
				GCC_NO_COMMON_BLOCKS = YES;
				GCC_OPTIMIZATION_LEVEL = 0;
				GCC_PREPROCESSOR_DEFINITIONS = (
					"DEBUG=1",
					"$(inherited)",
				);
				GCC_WARN_64_TO_32_BIT_CONVERSION = YES;
				GCC_WARN_ABOUT_RETURN_TYPE = YES_ERROR;
				GCC_WARN_UNDECLARED_SELECTOR = YES;
				GCC_WARN_UNINITIALIZED_AUTOS = YES_AGGRESSIVE;
				GCC_WARN_UNUSED_FUNCTION = YES;
				GCC_WARN_UNUSED_VARIABLE = YES;
				IPHONEOS_DEPLOYMENT_TARGET = 10.1;
				MTL_ENABLE_DEBUG_INFO = YES;
				ONLY_ACTIVE_ARCH = YES;
				SDKROOT = iphoneos;
				SWIFT_ACTIVE_COMPILATION_CONDITIONS = DEBUG;
				SWIFT_OPTIMIZATION_LEVEL = "-Onone";
				TARGETED_DEVICE_FAMILY = "1,2";
			};
			name = Debug;
		};
		89F6C9211E0A67BC00C01421 /* Release */ = {
			isa = XCBuildConfiguration;
			buildSettings = {
				ALWAYS_SEARCH_USER_PATHS = NO;
				CLANG_ANALYZER_NONNULL = YES;
				CLANG_CXX_LANGUAGE_STANDARD = "gnu++0x";
				CLANG_CXX_LIBRARY = "libc++";
				CLANG_ENABLE_MODULES = YES;
				CLANG_ENABLE_OBJC_ARC = YES;
				CLANG_WARN_BOOL_CONVERSION = YES;
				CLANG_WARN_CONSTANT_CONVERSION = YES;
				CLANG_WARN_DIRECT_OBJC_ISA_USAGE = YES_ERROR;
				CLANG_WARN_DOCUMENTATION_COMMENTS = YES;
				CLANG_WARN_EMPTY_BODY = YES;
				CLANG_WARN_ENUM_CONVERSION = YES;
				CLANG_WARN_INFINITE_RECURSION = YES;
				CLANG_WARN_INT_CONVERSION = YES;
				CLANG_WARN_OBJC_ROOT_CLASS = YES_ERROR;
				CLANG_WARN_SUSPICIOUS_MOVES = YES;
				CLANG_WARN_UNREACHABLE_CODE = YES;
				CLANG_WARN__DUPLICATE_METHOD_MATCH = YES;
				"CODE_SIGN_IDENTITY[sdk=iphoneos*]" = "iPhone Developer";
				COPY_PHASE_STRIP = NO;
				DEBUG_INFORMATION_FORMAT = "dwarf-with-dsym";
				ENABLE_NS_ASSERTIONS = NO;
				ENABLE_STRICT_OBJC_MSGSEND = YES;
				GCC_C_LANGUAGE_STANDARD = gnu99;
				GCC_NO_COMMON_BLOCKS = YES;
				GCC_WARN_64_TO_32_BIT_CONVERSION = YES;
				GCC_WARN_ABOUT_RETURN_TYPE = YES_ERROR;
				GCC_WARN_UNDECLARED_SELECTOR = YES;
				GCC_WARN_UNINITIALIZED_AUTOS = YES_AGGRESSIVE;
				GCC_WARN_UNUSED_FUNCTION = YES;
				GCC_WARN_UNUSED_VARIABLE = YES;
				IPHONEOS_DEPLOYMENT_TARGET = 10.1;
				MTL_ENABLE_DEBUG_INFO = NO;
				SDKROOT = iphoneos;
				SWIFT_OPTIMIZATION_LEVEL = "-Owholemodule";
				TARGETED_DEVICE_FAMILY = "1,2";
				VALIDATE_PRODUCT = YES;
			};
			name = Release;
		};
		89F6C9231E0A67BC00C01421 /* Debug */ = {
			isa = XCBuildConfiguration;
			buildSettings = {
				ASSETCATALOG_COMPILER_APPICON_NAME = AppIcon;
				INFOPLIST_FILE = workingwithsegues/Info.plist;
				LD_RUNPATH_SEARCH_PATHS = "$(inherited) @executable_path/Frameworks";
				PRODUCT_BUNDLE_IDENTIFIER = LeenaIndustries.workingwithsegues;
				PRODUCT_NAME = "$(TARGET_NAME)";
				SWIFT_VERSION = 3.0;
			};
			name = Debug;
		};
		89F6C9241E0A67BC00C01421 /* Release */ = {
			isa = XCBuildConfiguration;
			buildSettings = {
				ASSETCATALOG_COMPILER_APPICON_NAME = AppIcon;
				INFOPLIST_FILE = workingwithsegues/Info.plist;
				LD_RUNPATH_SEARCH_PATHS = "$(inherited) @executable_path/Frameworks";
				PRODUCT_BUNDLE_IDENTIFIER = LeenaIndustries.workingwithsegues;
				PRODUCT_NAME = "$(TARGET_NAME)";
				SWIFT_VERSION = 3.0;
			};
			name = Release;
		};
/* End XCBuildConfiguration section */

/* Begin XCConfigurationList section */
		89F6C90B1E0A67BB00C01421 /* Build configuration list for PBXProject "workingwithsegues" */ = {
			isa = XCConfigurationList;
			buildConfigurations = (
				89F6C9201E0A67BC00C01421 /* Debug */,
				89F6C9211E0A67BC00C01421 /* Release */,
			);
			defaultConfigurationIsVisible = 0;
			defaultConfigurationName = Release;
		};
		89F6C9221E0A67BC00C01421 /* Build configuration list for PBXNativeTarget "workingwithsegues" */ = {
			isa = XCConfigurationList;
			buildConfigurations = (
				89F6C9231E0A67BC00C01421 /* Debug */,
				89F6C9241E0A67BC00C01421 /* Release */,
			);
			defaultConfigurationIsVisible = 0;
		};
/* End XCConfigurationList section */
	};
	rootObject = 89F6C9081E0A67BB00C01421 /* Project object */;
}
